{
  "name": "imagable",
  "version": "1.0.0",
  "lockfileVersion": 2,
  "requires": true,
  "packages": {
    "": {
      "name": "imagable",
      "version": "1.0.0",
      "license": "ISC",
      "devDependencies": {
        "husky": "^7.0.0",
        "prettier": "^2.5.1",
        "typeinstall": "^1.0.3"
      }
    },
    "node_modules/colorette": {
      "version": "2.0.16",
      "resolved": "https://registry.npmjs.org/colorette/-/colorette-2.0.16.tgz",
      "integrity": "sha512-hUewv7oMjCp+wkBv5Rm0v87eJhq4woh5rSR+42YSQJKecCqgIqNkZ6lAlQms/BwHPJA5NKMRlpxPRv0n8HQW6g==",
      "dev": true
    },
    "node_modules/husky": {
      "version": "7.0.4",
      "resolved": "https://registry.npmjs.org/husky/-/husky-7.0.4.tgz",
      "integrity": "sha512-vbaCKN2QLtP/vD4yvs6iz6hBEo6wkSzs8HpRah1Z6aGmF2KW5PdYuAd7uX5a+OyBZHBhd+TFLqgjUgytQr4RvQ==",
      "dev": true,
      "bin": {
        "husky": "lib/bin.js"
      },
      "engines": {
        "node": ">=12"
      },
      "funding": {
        "url": "https://github.com/sponsors/typicode"
      }
    },
    "node_modules/prettier": {
      "version": "2.5.1",
      "resolved": "https://registry.npmjs.org/prettier/-/prettier-2.5.1.tgz",
      "integrity": "sha512-vBZcPRUR5MZJwoyi3ZoyQlc1rXeEck8KgeC9AwwOn+exuxLxq5toTRDTSaVrXHxelDMHy9zlicw8u66yxoSUFg==",
      "dev": true,
      "bin": {
        "prettier": "bin-prettier.js"
      },
      "engines": {
        "node": ">=10.13.0"
      }
    },
    "node_modules/typeinstall": {
      "version": "1.0.3",
      "resolved": "https://registry.npmjs.org/typeinstall/-/typeinstall-1.0.3.tgz",
      "integrity": "sha512-RyxjpsvF8OxiiuTA2oRat9Fm2ayL/R3m2GwjIVLB6DG63rHc95Mlpd/fK84+932F1Og2PRdFgIs4/dr9cLCa7g==",
      "dev": true,
      "dependencies": {
        "colorette": "^2.0.16"
      },
      "bin": {
        "typeinstall": "bin/typeinstall.js"
      }
    }
  },
  "dependencies": {
    "colorette": {
      "version": "2.0.16",
      "resolved": "https://registry.npmjs.org/colorette/-/colorette-2.0.16.tgz",
      "integrity": "sha512-hUewv7oMjCp+wkBv5Rm0v87eJhq4woh5rSR+42YSQJKecCqgIqNkZ6lAlQms/BwHPJA5NKMRlpxPRv0n8HQW6g==",
      "dev": true
    },
    "husky": {
      "version": "7.0.4",
      "resolved": "https://registry.npmjs.org/husky/-/husky-7.0.4.tgz",
      "integrity": "sha512-vbaCKN2QLtP/vD4yvs6iz6hBEo6wkSzs8HpRah1Z6aGmF2KW5PdYuAd7uX5a+OyBZHBhd+TFLqgjUgytQr4RvQ==",
      "dev": true
    },
    "prettier": {
      "version": "2.5.1",
      "resolved": "https://registry.npmjs.org/prettier/-/prettier-2.5.1.tgz",
      "integrity": "sha512-vBZcPRUR5MZJwoyi3ZoyQlc1rXeEck8KgeC9AwwOn+exuxLxq5toTRDTSaVrXHxelDMHy9zlicw8u66yxoSUFg==",
      "dev": true
    },
    "typeinstall": {
      "version": "1.0.3",
      "resolved": "https://registry.npmjs.org/typeinstall/-/typeinstall-1.0.3.tgz",
      "integrity": "sha512-RyxjpsvF8OxiiuTA2oRat9Fm2ayL/R3m2GwjIVLB6DG63rHc95Mlpd/fK84+932F1Og2PRdFgIs4/dr9cLCa7g==",
      "dev": true,
      "requires": {
        "colorette": "^2.0.16"
      }
    }
  }
}
